github.com/gorilla/mux v1.8.1 h1:TuBL49tXwgrFYWhqrNgrUNEY92u81SPhu7sTdzQEiWY=
github.com/gorilla/mux v1.8.1/go.mod h1:AKf9I4AEqPTmMytcMc0KkNouC66V3BtZ4qD5fmWSiMQ=
github.com/tmaxmax/go-sse v0.8.0 h1:pPpTgyyi1r7vG2o6icebnpGEh3ebcnBXqDWkb7aTofs=
github.com/tmaxmax/go-sse v0.8.0/go.mod h1:HLoxqxdH+7oSUItjtnpxjzJedfr/+Rrm/dNWBcTxJFM=
